# This file is automatically @generated by Poetry 1.8.1 and should not be changed by hand.

[[package]]
name = "mss"
version = "9.0.1"
description = "An ultra fast cross-platform multiple screenshots module in pure python using ctypes."
optional = false
python-versions = ">=3.8"
files = [
    {file = "mss-9.0.1-py3-none-any.whl", hash = "sha256:7ee44db7ab14cbea6a3eb63813c57d677a109ca5979d3b76046e4bddd3ca1a0b"},
    {file = "mss-9.0.1.tar.gz", hash = "sha256:6eb7b9008cf27428811fa33aeb35f3334db81e3f7cc2dd49ec7c6e5a94b39f12"},
]

[[package]]
name = "xdotool"
version = "0.4.0"
description = ""
optional = false
python-versions = ">=3.10,<4.0"
files = [
    {file = "xdotool-0.4.0-py3-none-any.whl", hash = "sha256:84a5a983bc161e24c0de1f709af80bc9244610e2c99a886e69d71eb115bf0ad8"},
    {file = "xdotool-0.4.0.tar.gz", hash = "sha256:9e927d0e87479978a32c3f87c82ef536bd6b12750959067c08e1149aa2832739"},
]

[metadata]
lock-version = "2.0"
python-versions = "3.11.8"
content-hash = "9a47819c49f8264e0d3b8874639881e66a1890667e1faffb533879b25372c3dd"
